
Microsoft Visual Studio Solution File, Format Version 12.00
# Visual Studio Version 16
VisualStudioVersion = 16.0.30523.141
MinimumVisualStudioVersion = 10.0.40219.1
Project("{FAE04EC0-301F-11D3-BF4B-00C04F79EFBC}") = "DemoWpf", "DemoWpf\DemoWpf.csproj", "{05989447-EACC-4921-A445-3FCA247CC5F0}"
EndProject
Global
	GlobalSection(SolutionConfigurationPlatforms) = preSolution
		Debug|Any CPU = Debug|Any CPU
		Release|Any CPU = Release|Any CPU
	EndGlobalSection
	GlobalSection(ProjectConfigurationPlatforms) = postSolution
		{05989447-EACC-4921-A445-3FCA247CC5F0}.Debug|Any CPU.ActiveCfg = Debug|Any CPU
		{05989447-EACC-4921-A445-3FCA247CC5F0}.Debug|Any CPU.Build.0 = Debug|Any CPU
		{05989447-EACC-4921-A445-3FCA247CC5F0}.Release|Any CPU.ActiveCfg = Release|Any CPU
		{05989447-EACC-4921-A445-3FCA247CC5F0}.Release|Any CPU.Build.0 = Release|Any CPU
	EndGlobalSection
	GlobalSection(SolutionProperties) = preSolution
		HideSolutionNode = FALSE
	EndGlobalSection
	GlobalSection(ExtensibilityGlobals) = postSolution
		SolutionGuid = {BE6A1A36-3D89-4311-A42F-EC916836B573}
	EndGlobalSection
EndGlobal
